{
    "name": "deno-vscode-npm-bug",
    "lockfileVersion": 3,
    "requires": true,
    "packages": {
        "": {
            "dependencies": {
                "chrono-node": "2.6.6"
            }
        },
        "node_modules/chrono-node": {
            "version": "2.6.6",
            "resolved": "https://registry.npmjs.org/chrono-node/-/chrono-node-2.6.6.tgz",
            "integrity": "sha512-RObSvo49wRL/ek6U4lMuZjmCi//gLM2GsHBMauIw/50fBbP6To3F99vn88IRL9w4qC39tFRnJZc6uiGrOi1oGw==",
            "dependencies": {
                "dayjs": "^1.10.0"
            },
            "engines": {
                "node": "^12.20.0 || ^14.13.1 || >=16.0.0"
            }
        },
        "node_modules/dayjs": {
            "version": "1.11.10",
            "resolved": "https://registry.npmjs.org/dayjs/-/dayjs-1.11.10.tgz",
            "integrity": "sha512-vjAczensTgRcqDERK0SR2XMwsF/tSvnvlv6VcF2GIhg6Sx4yOIt/irsr1RDJsKiIyBzJDpCoXiWWq28MqH2cnQ=="
        }
    }
}
